# This file is autogenerated, do not edit; changes may be undone by the next 'dep ensure'.


[[projects]]
  branch = "master"
  name = "github.com/aarzilli/golua"
  packages = ["lua"]
  revision = "24fe5b510806231d29be66de88ab2ce608311d33"

[[projects]]
  name = "github.com/antonholmquist/jason"
  packages = ["."]
  revision = "c23cef7eaa75a6a5b8810120e167bd590d8fd2ab"
  version = "v1.0.0"

[[projects]]
  name = "github.com/stevedonovan/luar"
  packages = ["."]
  revision = "edb6d4ea4c89c41c87db29828c771a4ab283199d"
  version = "1.3"

[[projects]]
  name = "github.com/veandco/go-sdl2"
  packages = ["sdl"]
  revision = "30f30965227962032c13bd0b12a89e6a5107c768"
  version = "v0.2"

[solve-meta]
  analyzer-name = "dep"
  analyzer-version = 1
  inputs-digest = "1d8806796383cdd50e22aba060e9eb78a79b663d608843ad36d84aa636e1c531"
  solver-name = "gps-cdcl"
  solver-version = 1
